// !$*UTF8*$!
{
	archiveVersion = 1;
	classes = {
	};
	objectVersion = 50;
	objects = {

/* Begin PBXBuildFile section */
		B544FB7125E6773300E17A9F /* MemoAppAppleWatch WatchKit App.app in Embed Watch Content */ = {isa = PBXBuildFile; fileRef = B544FB7025E6773300E17A9F /* MemoAppAppleWatch WatchKit App.app */; settings = {ATTRIBUTES = (RemoveHeadersOnCopy, ); }; };
		B544FB7625E6773400E17A9F /* Assets.xcassets in Resources */ = {isa = PBXBuildFile; fileRef = B544FB7525E6773400E17A9F /* Assets.xcassets */; };
		B544FB7D25E6773400E17A9F /* MemoAppAppleWatch WatchKit Extension.appex in Embed App Extensions */ = {isa = PBXBuildFile; fileRef = B544FB7C25E6773400E17A9F /* MemoAppAppleWatch WatchKit Extension.appex */; settings = {ATTRIBUTES = (RemoveHeadersOnCopy, ); }; };
		B544FB8225E6773400E17A9F /* MemoAppAppleWatchApp.swift in Sources */ = {isa = PBXBuildFile; fileRef = B544FB8125E6773400E17A9F /* MemoAppAppleWatchApp.swift */; };
		B544FB8425E6773400E17A9F /* ContentView.swift in Sources */ = {isa = PBXBuildFile; fileRef = B544FB8325E6773400E17A9F /* ContentView.swift */; };
		B544FB8625E6773400E17A9F /* NotificationController.swift in Sources */ = {isa = PBXBuildFile; fileRef = B544FB8525E6773400E17A9F /* NotificationController.swift */; };
		B544FB8825E6773400E17A9F /* NotificationView.swift in Sources */ = {isa = PBXBuildFile; fileRef = B544FB8725E6773400E17A9F /* NotificationView.swift */; };
		B544FB8A25E6773500E17A9F /* ComplicationController.swift in Sources */ = {isa = PBXBuildFile; fileRef = B544FB8925E6773500E17A9F /* ComplicationController.swift */; };
		B544FB8C25E6773500E17A9F /* Assets.xcassets in Resources */ = {isa = PBXBuildFile; fileRef = B544FB8B25E6773500E17A9F /* Assets.xcassets */; };
		B544FB8F25E6773500E17A9F /* Preview Assets.xcassets in Resources */ = {isa = PBXBuildFile; fileRef = B544FB8E25E6773500E17A9F /* Preview Assets.xcassets */; };
		B544FBA425E677DB00E17A9F /* Task.xcdatamodeld in Sources */ = {isa = PBXBuildFile; fileRef = B544FBA225E677DB00E17A9F /* Task.xcdatamodeld */; };
		B544FBAA25E6794400E17A9F /* PersistantContainer.swift in Sources */ = {isa = PBXBuildFile; fileRef = B544FBA925E6794400E17A9F /* PersistantContainer.swift */; };
		B544FBB525E7D9FB00E17A9F /* Home.swift in Sources */ = {isa = PBXBuildFile; fileRef = B544FBB425E7D9FB00E17A9F /* Home.swift */; };
		B544FBBD25E7F82D00E17A9F /* AddItem.swift in Sources */ = {isa = PBXBuildFile; fileRef = B544FBBC25E7F82D00E17A9F /* AddItem.swift */; };
		B544FBC225E7FB6F00E17A9F /* ViewMemo.swift in Sources */ = {isa = PBXBuildFile; fileRef = B544FBC125E7FB6F00E17A9F /* ViewMemo.swift */; };
		B5F477DB25E91FE300585DB4 /* DeleteMemo.swift in Sources */ = {isa = PBXBuildFile; fileRef = B5F477DA25E91FE300585DB4 /* DeleteMemo.swift */; };
/* End PBXBuildFile section */

/* Begin PBXContainerItemProxy section */
		B544FB7225E6773300E17A9F /* PBXContainerItemProxy */ = {
			isa = PBXContainerItemProxy;
			containerPortal = B544FB6625E6773300E17A9F /* Project object */;
			proxyType = 1;
			remoteGlobalIDString = B544FB6F25E6773300E17A9F;
			remoteInfo = "MemoAppAppleWatch WatchKit App";
		};
		B544FB7E25E6773400E17A9F /* PBXContainerItemProxy */ = {
			isa = PBXContainerItemProxy;
			containerPortal = B544FB6625E6773300E17A9F /* Project object */;
			proxyType = 1;
			remoteGlobalIDString = B544FB7B25E6773400E17A9F;
			remoteInfo = "MemoAppAppleWatch WatchKit Extension";
		};
/* End PBXContainerItemProxy section */

/* Begin PBXCopyFilesBuildPhase section */
		B544FB9725E6773500E17A9F /* Embed App Extensions */ = {
			isa = PBXCopyFilesBuildPhase;
			buildActionMask = 2147483647;
			dstPath = "";
			dstSubfolderSpec = 13;
			files = (
				B544FB7D25E6773400E17A9F /* MemoAppAppleWatch WatchKit Extension.appex in Embed App Extensions */,
			);
			name = "Embed App Extensions";
			runOnlyForDeploymentPostprocessing = 0;
		};
		B544FB9B25E6773500E17A9F /* Embed Watch Content */ = {
			isa = PBXCopyFilesBuildPhase;
			buildActionMask = 2147483647;
			dstPath = "$(CONTENTS_FOLDER_PATH)/Watch";
			dstSubfolderSpec = 16;
			files = (
				B544FB7125E6773300E17A9F /* MemoAppAppleWatch WatchKit App.app in Embed Watch Content */,
			);
			name = "Embed Watch Content";
			runOnlyForDeploymentPostprocessing = 0;
		};
/* End PBXCopyFilesBuildPhase section */

/* Begin PBXFileReference section */
		B544FB6C25E6773300E17A9F /* MemoAppAppleWatch.app */ = {isa = PBXFileReference; explicitFileType = wrapper.application; includeInIndex = 0; path = MemoAppAppleWatch.app; sourceTree = BUILT_PRODUCTS_DIR; };
		B544FB7025E6773300E17A9F /* MemoAppAppleWatch WatchKit App.app */ = {isa = PBXFileReference; explicitFileType = wrapper.application; includeInIndex = 0; path = "MemoAppAppleWatch WatchKit App.app"; sourceTree = BUILT_PRODUCTS_DIR; };
		B544FB7525E6773400E17A9F /* Assets.xcassets */ = {isa = PBXFileReference; lastKnownFileType = folder.assetcatalog; path = Assets.xcassets; sourceTree = "<group>"; };
		B544FB7725E6773400E17A9F /* Info.plist */ = {isa = PBXFileReference; lastKnownFileType = text.plist.xml; path = Info.plist; sourceTree = "<group>"; };
		B544FB7C25E6773400E17A9F /* MemoAppAppleWatch WatchKit Extension.appex */ = {isa = PBXFileReference; explicitFileType = "wrapper.app-extension"; includeInIndex = 0; path = "MemoAppAppleWatch WatchKit Extension.appex"; sourceTree = BUILT_PRODUCTS_DIR; };
		B544FB8125E6773400E17A9F /* MemoAppAppleWatchApp.swift */ = {isa = PBXFileReference; lastKnownFileType = sourcecode.swift; path = MemoAppAppleWatchApp.swift; sourceTree = "<group>"; };
		B544FB8325E6773400E17A9F /* ContentView.swift */ = {isa = PBXFileReference; lastKnownFileType = sourcecode.swift; path = ContentView.swift; sourceTree = "<group>"; };
		B544FB8525E6773400E17A9F /* NotificationController.swift */ = {isa = PBXFileReference; lastKnownFileType = sourcecode.swift; path = NotificationController.swift; sourceTree = "<group>"; };
		B544FB8725E6773400E17A9F /* NotificationView.swift */ = {isa = PBXFileReference; lastKnownFileType = sourcecode.swift; path = NotificationView.swift; sourceTree = "<group>"; };
		B544FB8925E6773500E17A9F /* ComplicationController.swift */ = {isa = PBXFileReference; lastKnownFileType = sourcecode.swift; path = ComplicationController.swift; sourceTree = "<group>"; };
		B544FB8B25E6773500E17A9F /* Assets.xcassets */ = {isa = PBXFileReference; lastKnownFileType = folder.assetcatalog; path = Assets.xcassets; sourceTree = "<group>"; };
		B544FB8E25E6773500E17A9F /* Preview Assets.xcassets */ = {isa = PBXFileReference; lastKnownFileType = folder.assetcatalog; path = "Preview Assets.xcassets"; sourceTree = "<group>"; };
		B544FB9025E6773500E17A9F /* Info.plist */ = {isa = PBXFileReference; lastKnownFileType = text.plist.xml; path = Info.plist; sourceTree = "<group>"; };
		B544FB9125E6773500E17A9F /* PushNotificationPayload.apns */ = {isa = PBXFileReference; lastKnownFileType = text; path = PushNotificationPayload.apns; sourceTree = "<group>"; };
		B544FBA325E677DB00E17A9F /* Task.xcdatamodel */ = {isa = PBXFileReference; lastKnownFileType = wrapper.xcdatamodel; path = Task.xcdatamodel; sourceTree = "<group>"; };
		B544FBA925E6794400E17A9F /* PersistantContainer.swift */ = {isa = PBXFileReference; lastKnownFileType = sourcecode.swift; path = PersistantContainer.swift; sourceTree = "<group>"; };
		B544FBB425E7D9FB00E17A9F /* Home.swift */ = {isa = PBXFileReference; lastKnownFileType = sourcecode.swift; path = Home.swift; sourceTree = "<group>"; };
		B544FBBC25E7F82D00E17A9F /* AddItem.swift */ = {isa = PBXFileReference; lastKnownFileType = sourcecode.swift; path = AddItem.swift; sourceTree = "<group>"; };
		B544FBC125E7FB6F00E17A9F /* ViewMemo.swift */ = {isa = PBXFileReference; lastKnownFileType = sourcecode.swift; path = ViewMemo.swift; sourceTree = "<group>"; };
		B5F477DA25E91FE300585DB4 /* DeleteMemo.swift */ = {isa = PBXFileReference; lastKnownFileType = sourcecode.swift; path = DeleteMemo.swift; sourceTree = "<group>"; };
/* End PBXFileReference section */

/* Begin PBXFrameworksBuildPhase section */
		B544FB7925E6773400E17A9F /* Frameworks */ = {
			isa = PBXFrameworksBuildPhase;
			buildActionMask = 2147483647;
			files = (
			);
			runOnlyForDeploymentPostprocessing = 0;
		};
/* End PBXFrameworksBuildPhase section */

/* Begin PBXGroup section */
		B544FB6525E6773300E17A9F = {
			isa = PBXGroup;
			children = (
				B544FBA825E678FE00E17A9F /* Shared */,
				B544FB7425E6773300E17A9F /* MemoAppAppleWatch WatchKit App */,
				B544FB8025E6773400E17A9F /* MemoAppAppleWatch WatchKit Extension */,
				B544FB6D25E6773300E17A9F /* Products */,
			);
			sourceTree = "<group>";
		};
		B544FB6D25E6773300E17A9F /* Products */ = {
			isa = PBXGroup;
			children = (
				B544FB6C25E6773300E17A9F /* MemoAppAppleWatch.app */,
				B544FB7025E6773300E17A9F /* MemoAppAppleWatch WatchKit App.app */,
				B544FB7C25E6773400E17A9F /* MemoAppAppleWatch WatchKit Extension.appex */,
			);
			name = Products;
			sourceTree = "<group>";
		};
		B544FB7425E6773300E17A9F /* MemoAppAppleWatch WatchKit App */ = {
			isa = PBXGroup;
			children = (
				B544FB7525E6773400E17A9F /* Assets.xcassets */,
				B544FB7725E6773400E17A9F /* Info.plist */,
			);
			path = "MemoAppAppleWatch WatchKit App";
			sourceTree = "<group>";
		};
		B544FB8025E6773400E17A9F /* MemoAppAppleWatch WatchKit Extension */ = {
			isa = PBXGroup;
			children = (
				B544FB8125E6773400E17A9F /* MemoAppAppleWatchApp.swift */,
				B544FB8325E6773400E17A9F /* ContentView.swift */,
				B544FB8525E6773400E17A9F /* NotificationController.swift */,
				B544FB8725E6773400E17A9F /* NotificationView.swift */,
				B544FB8925E6773500E17A9F /* ComplicationController.swift */,
				B544FB8B25E6773500E17A9F /* Assets.xcassets */,
				B544FB9025E6773500E17A9F /* Info.plist */,
				B544FB9125E6773500E17A9F /* PushNotificationPayload.apns */,
				B544FB8D25E6773500E17A9F /* Preview Content */,
			);
			path = "MemoAppAppleWatch WatchKit Extension";
			sourceTree = "<group>";
		};
		B544FB8D25E6773500E17A9F /* Preview Content */ = {
			isa = PBXGroup;
			children = (
				B544FB8E25E6773500E17A9F /* Preview Assets.xcassets */,
			);
			path = "Preview Content";
			sourceTree = "<group>";
		};
		B544FBA825E678FE00E17A9F /* Shared */ = {
			isa = PBXGroup;
			children = (
				B544FBB325E7D9D900E17A9F /* ViewModel */,
				B544FBB225E7D9D000E17A9F /* Model */,
				B544FBB125E7D9B000E17A9F /* View */,
				B544FBA225E677DB00E17A9F /* Task.xcdatamodeld */,
				B544FBA925E6794400E17A9F /* PersistantContainer.swift */,
			);
			path = Shared;
			sourceTree = "<group>";
		};
		B544FBB125E7D9B000E17A9F /* View */ = {
			isa = PBXGroup;
			children = (
				B544FBB425E7D9FB00E17A9F /* Home.swift */,
				B544FBBC25E7F82D00E17A9F /* AddItem.swift */,
				B544FBC125E7FB6F00E17A9F /* ViewMemo.swift */,
				B5F477DA25E91FE300585DB4 /* DeleteMemo.swift */,
			);
			path = View;
			sourceTree = "<group>";
		};
		B544FBB225E7D9D000E17A9F /* Model */ = {
			isa = PBXGroup;
			children = (
			);
			path = Model;
			sourceTree = "<group>";
		};
		B544FBB325E7D9D900E17A9F /* ViewModel */ = {
			isa = PBXGroup;
			children = (
			);
			path = ViewModel;
			sourceTree = "<group>";
		};
/* End PBXGroup section */

/* Begin PBXNativeTarget section */
		B544FB6B25E6773300E17A9F /* MemoAppAppleWatch */ = {
			isa = PBXNativeTarget;
			buildConfigurationList = B544FB9C25E6773500E17A9F /* Build configuration list for PBXNativeTarget "MemoAppAppleWatch" */;
			buildPhases = (
				B544FB6A25E6773300E17A9F /* Resources */,
				B544FB9B25E6773500E17A9F /* Embed Watch Content */,
			);
			buildRules = (
			);
			dependencies = (
				B544FB7325E6773300E17A9F /* PBXTargetDependency */,
			);
			name = MemoAppAppleWatch;
			productName = MemoAppAppleWatch;
			productReference = B544FB6C25E6773300E17A9F /* MemoAppAppleWatch.app */;
			productType = "com.apple.product-type.application.watchapp2-container";
		};
		B544FB6F25E6773300E17A9F /* MemoAppAppleWatch WatchKit App */ = {
			isa = PBXNativeTarget;
			buildConfigurationList = B544FB9825E6773500E17A9F /* Build configuration list for PBXNativeTarget "MemoAppAppleWatch WatchKit App" */;
			buildPhases = (
				B544FB6E25E6773300E17A9F /* Resources */,
				B544FB9725E6773500E17A9F /* Embed App Extensions */,
			);
			buildRules = (
			);
			dependencies = (
				B544FB7F25E6773400E17A9F /* PBXTargetDependency */,
			);
			name = "MemoAppAppleWatch WatchKit App";
			productName = "MemoAppAppleWatch WatchKit App";
			productReference = B544FB7025E6773300E17A9F /* MemoAppAppleWatch WatchKit App.app */;
			productType = "com.apple.product-type.application.watchapp2";
		};
		B544FB7B25E6773400E17A9F /* MemoAppAppleWatch WatchKit Extension */ = {
			isa = PBXNativeTarget;
			buildConfigurationList = B544FB9425E6773500E17A9F /* Build configuration list for PBXNativeTarget "MemoAppAppleWatch WatchKit Extension" */;
			buildPhases = (
				B544FB7825E6773400E17A9F /* Sources */,
				B544FB7925E6773400E17A9F /* Frameworks */,
				B544FB7A25E6773400E17A9F /* Resources */,
			);
			buildRules = (
			);
			dependencies = (
			);
			name = "MemoAppAppleWatch WatchKit Extension";
			productName = "MemoAppAppleWatch WatchKit Extension";
			productReference = B544FB7C25E6773400E17A9F /* MemoAppAppleWatch WatchKit Extension.appex */;
			productType = "com.apple.product-type.watchkit2-extension";
		};
/* End PBXNativeTarget section */

/* Begin PBXProject section */
		B544FB6625E6773300E17A9F /* Project object */ = {
			isa = PBXProject;
			attributes = {
				LastSwiftUpdateCheck = 1240;
				LastUpgradeCheck = 1240;
				TargetAttributes = {
					B544FB6B25E6773300E17A9F = {
						CreatedOnToolsVersion = 12.4;
					};
					B544FB6F25E6773300E17A9F = {
						CreatedOnToolsVersion = 12.4;
					};
					B544FB7B25E6773400E17A9F = {
						CreatedOnToolsVersion = 12.4;
					};
				};
			};
			buildConfigurationList = B544FB6925E6773300E17A9F /* Build configuration list for PBXProject "MemoAppAppleWatch" */;
			compatibilityVersion = "Xcode 9.3";
			developmentRegion = en;
			hasScannedForEncodings = 0;
			knownRegions = (
				en,
				Base,
			);
			mainGroup = B544FB6525E6773300E17A9F;
			productRefGroup = B544FB6D25E6773300E17A9F /* Products */;
			projectDirPath = "";
			projectRoot = "";
			targets = (
				B544FB6B25E6773300E17A9F /* MemoAppAppleWatch */,
				B544FB6F25E6773300E17A9F /* MemoAppAppleWatch WatchKit App */,
				B544FB7B25E6773400E17A9F /* MemoAppAppleWatch WatchKit Extension */,
			);
		};
/* End PBXProject section */

/* Begin PBXResourcesBuildPhase section */
		B544FB6A25E6773300E17A9F /* Resources */ = {
			isa = PBXResourcesBuildPhase;
			buildActionMask = 2147483647;
			files = (
			);
			runOnlyForDeploymentPostprocessing = 0;
		};
		B544FB6E25E6773300E17A9F /* Resources */ = {
			isa = PBXResourcesBuildPhase;
			buildActionMask = 2147483647;
			files = (
				B544FB7625E6773400E17A9F /* Assets.xcassets in Resources */,
			);
			runOnlyForDeploymentPostprocessing = 0;
		};
		B544FB7A25E6773400E17A9F /* Resources */ = {
			isa = PBXResourcesBuildPhase;
			buildActionMask = 2147483647;
			files = (
				B544FB8F25E6773500E17A9F /* Preview Assets.xcassets in Resources */,
				B544FB8C25E6773500E17A9F /* Assets.xcassets in Resources */,
			);
			runOnlyForDeploymentPostprocessing = 0;
		};
/* End PBXResourcesBuildPhase section */

/* Begin PBXSourcesBuildPhase section */
		B544FB7825E6773400E17A9F /* Sources */ = {
			isa = PBXSourcesBuildPhase;
			buildActionMask = 2147483647;
			files = (
				B544FBA425E677DB00E17A9F /* Task.xcdatamodeld in Sources */,
				B544FB8625E6773400E17A9F /* NotificationController.swift in Sources */,
				B544FB8425E6773400E17A9F /* ContentView.swift in Sources */,
				B5F477DB25E91FE300585DB4 /* DeleteMemo.swift in Sources */,
				B544FB8A25E6773500E17A9F /* ComplicationController.swift in Sources */,
				B544FB8225E6773400E17A9F /* MemoAppAppleWatchApp.swift in Sources */,
				B544FBBD25E7F82D00E17A9F /* AddItem.swift in Sources */,
				B544FBC225E7FB6F00E17A9F /* ViewMemo.swift in Sources */,
				B544FB8825E6773400E17A9F /* NotificationView.swift in Sources */,
				B544FBB525E7D9FB00E17A9F /* Home.swift in Sources */,
				B544FBAA25E6794400E17A9F /* PersistantContainer.swift in Sources */,
			);
			runOnlyForDeploymentPostprocessing = 0;
		};
/* End PBXSourcesBuildPhase section */

/* Begin PBXTargetDependency section */
		B544FB7325E6773300E17A9F /* PBXTargetDependency */ = {
			isa = PBXTargetDependency;
			target = B544FB6F25E6773300E17A9F /* MemoAppAppleWatch WatchKit App */;
			targetProxy = B544FB7225E6773300E17A9F /* PBXContainerItemProxy */;
		};
		B544FB7F25E6773400E17A9F /* PBXTargetDependency */ = {
			isa = PBXTargetDependency;
			target = B544FB7B25E6773400E17A9F /* MemoAppAppleWatch WatchKit Extension */;
			targetProxy = B544FB7E25E6773400E17A9F /* PBXContainerItemProxy */;
		};
/* End PBXTargetDependency section */

/* Begin XCBuildConfiguration section */
		B544FB9225E6773500E17A9F /* Debug */ = {
			isa = XCBuildConfiguration;
			buildSettings = {
				ALWAYS_SEARCH_USER_PATHS = NO;
				CLANG_ANALYZER_NONNULL = YES;
				CLANG_ANALYZER_NUMBER_OBJECT_CONVERSION = YES_AGGRESSIVE;
				CLANG_CXX_LANGUAGE_STANDARD = "gnu++14";
				CLANG_CXX_LIBRARY = "libc++";
				CLANG_ENABLE_MODULES = YES;
				CLANG_ENABLE_OBJC_ARC = YES;
				CLANG_ENABLE_OBJC_WEAK = YES;
				CLANG_WARN_BLOCK_CAPTURE_AUTORELEASING = YES;
				CLANG_WARN_BOOL_CONVERSION = YES;
				CLANG_WARN_COMMA = YES;
				CLANG_WARN_CONSTANT_CONVERSION = YES;
				CLANG_WARN_DEPRECATED_OBJC_IMPLEMENTATIONS = YES;
				CLANG_WARN_DIRECT_OBJC_ISA_USAGE = YES_ERROR;
				CLANG_WARN_DOCUMENTATION_COMMENTS = YES;
				CLANG_WARN_EMPTY_BODY = YES;
				CLANG_WARN_ENUM_CONVERSION = YES;
				CLANG_WARN_INFINITE_RECURSION = YES;
				CLANG_WARN_INT_CONVERSION = YES;
				CLANG_WARN_NON_LITERAL_NULL_CONVERSION = YES;
				CLANG_WARN_OBJC_IMPLICIT_RETAIN_SELF = YES;
				CLANG_WARN_OBJC_LITERAL_CONVERSION = YES;
				CLANG_WARN_OBJC_ROOT_CLASS = YES_ERROR;
				CLANG_WARN_QUOTED_INCLUDE_IN_FRAMEWORK_HEADER = YES;
				CLANG_WARN_RANGE_LOOP_ANALYSIS = YES;
				CLANG_WARN_STRICT_PROTOTYPES = YES;
				CLANG_WARN_SUSPICIOUS_MOVE = YES;
				CLANG_WARN_UNGUARDED_AVAILABILITY = YES_AGGRESSIVE;
				CLANG_WARN_UNREACHABLE_CODE = YES;
				CLANG_WARN__DUPLICATE_METHOD_MATCH = YES;
				COPY_PHASE_STRIP = NO;
				DEBUG_INFORMATION_FORMAT = dwarf;
				ENABLE_STRICT_OBJC_MSGSEND = YES;
				ENABLE_TESTABILITY = YES;
				GCC_C_LANGUAGE_STANDARD = gnu11;
				GCC_DYNAMIC_NO_PIC = NO;
				GCC_NO_COMMON_BLOCKS = YES;
				GCC_OPTIMIZATION_LEVEL = 0;
				GCC_PREPROCESSOR_DEFINITIONS = (
					"DEBUG=1",
					"$(inherited)",
				);
				GCC_WARN_64_TO_32_BIT_CONVERSION = YES;
				GCC_WARN_ABOUT_RETURN_TYPE = YES_ERROR;
				GCC_WARN_UNDECLARED_SELECTOR = YES;
				GCC_WARN_UNINITIALIZED_AUTOS = YES_AGGRESSIVE;
				GCC_WARN_UNUSED_FUNCTION = YES;
				GCC_WARN_UNUSED_VARIABLE = YES;
				MTL_ENABLE_DEBUG_INFO = INCLUDE_SOURCE;
				MTL_FAST_MATH = YES;
				ONLY_ACTIVE_ARCH = YES;
				SDKROOT = iphoneos;
				SWIFT_ACTIVE_COMPILATION_CONDITIONS = DEBUG;
				SWIFT_OPTIMIZATION_LEVEL = "-Onone";
			};
			name = Debug;
		};
		B544FB9325E6773500E17A9F /* Release */ = {
			isa = XCBuildConfiguration;
			buildSettings = {
				ALWAYS_SEARCH_USER_PATHS = NO;
				CLANG_ANALYZER_NONNULL = YES;
				CLANG_ANALYZER_NUMBER_OBJECT_CONVERSION = YES_AGGRESSIVE;
				CLANG_CXX_LANGUAGE_STANDARD = "gnu++14";
				CLANG_CXX_LIBRARY = "libc++";
				CLANG_ENABLE_MODULES = YES;
				CLANG_ENABLE_OBJC_ARC = YES;
				CLANG_ENABLE_OBJC_WEAK = YES;
				CLANG_WARN_BLOCK_CAPTURE_AUTORELEASING = YES;
				CLANG_WARN_BOOL_CONVERSION = YES;
				CLANG_WARN_COMMA = YES;
				CLANG_WARN_CONSTANT_CONVERSION = YES;
				CLANG_WARN_DEPRECATED_OBJC_IMPLEMENTATIONS = YES;
				CLANG_WARN_DIRECT_OBJC_ISA_USAGE = YES_ERROR;
				CLANG_WARN_DOCUMENTATION_COMMENTS = YES;
				CLANG_WARN_EMPTY_BODY = YES;
				CLANG_WARN_ENUM_CONVERSION = YES;
				CLANG_WARN_INFINITE_RECURSION = YES;
				CLANG_WARN_INT_CONVERSION = YES;
				CLANG_WARN_NON_LITERAL_NULL_CONVERSION = YES;
				CLANG_WARN_OBJC_IMPLICIT_RETAIN_SELF = YES;
				CLANG_WARN_OBJC_LITERAL_CONVERSION = YES;
				CLANG_WARN_OBJC_ROOT_CLASS = YES_ERROR;
				CLANG_WARN_QUOTED_INCLUDE_IN_FRAMEWORK_HEADER = YES;
				CLANG_WARN_RANGE_LOOP_ANALYSIS = YES;
				CLANG_WARN_STRICT_PROTOTYPES = YES;
				CLANG_WARN_SUSPICIOUS_MOVE = YES;
				CLANG_WARN_UNGUARDED_AVAILABILITY = YES_AGGRESSIVE;
				CLANG_WARN_UNREACHABLE_CODE = YES;
				CLANG_WARN__DUPLICATE_METHOD_MATCH = YES;
				COPY_PHASE_STRIP = NO;
				DEBUG_INFORMATION_FORMAT = "dwarf-with-dsym";
				ENABLE_NS_ASSERTIONS = NO;
				ENABLE_STRICT_OBJC_MSGSEND = YES;
				GCC_C_LANGUAGE_STANDARD = gnu11;
				GCC_NO_COMMON_BLOCKS = YES;
				GCC_WARN_64_TO_32_BIT_CONVERSION = YES;
				GCC_WARN_ABOUT_RETURN_TYPE = YES_ERROR;
				GCC_WARN_UNDECLARED_SELECTOR = YES;
				GCC_WARN_UNINITIALIZED_AUTOS = YES_AGGRESSIVE;
				GCC_WARN_UNUSED_FUNCTION = YES;
				GCC_WARN_UNUSED_VARIABLE = YES;
				MTL_ENABLE_DEBUG_INFO = NO;
				MTL_FAST_MATH = YES;
				SDKROOT = iphoneos;
				SWIFT_COMPILATION_MODE = wholemodule;
				SWIFT_OPTIMIZATION_LEVEL = "-O";
				VALIDATE_PRODUCT = YES;
			};
			name = Release;
		};
		B544FB9525E6773500E17A9F /* Debug */ = {
			isa = XCBuildConfiguration;
			buildSettings = {
				ASSETCATALOG_COMPILER_COMPLICATION_NAME = Complication;
				CODE_SIGN_STYLE = Automatic;
				DEVELOPMENT_ASSET_PATHS = "\"MemoAppAppleWatch WatchKit Extension/Preview Content\"";
				DEVELOPMENT_TEAM = 4YP5DUU8MU;
				ENABLE_PREVIEWS = YES;
				INFOPLIST_FILE = "MemoAppAppleWatch WatchKit Extension/Info.plist";
				LD_RUNPATH_SEARCH_PATHS = (
					"$(inherited)",
					"@executable_path/Frameworks",
					"@executable_path/../../Frameworks",
				);
				PRODUCT_BUNDLE_IDENTIFIER = com.emm.MemoAppAppleWatch.watchkitapp.watchkitextension;
				PRODUCT_NAME = "${TARGET_NAME}";
				SDKROOT = watchos;
				SKIP_INSTALL = YES;
				SWIFT_VERSION = 5.0;
				TARGETED_DEVICE_FAMILY = 4;
				WATCHOS_DEPLOYMENT_TARGET = 7.2;
			};
			name = Debug;
		};
		B544FB9625E6773500E17A9F /* Release */ = {
			isa = XCBuildConfiguration;
			buildSettings = {
				ASSETCATALOG_COMPILER_COMPLICATION_NAME = Complication;
				CODE_SIGN_STYLE = Automatic;
				DEVELOPMENT_ASSET_PATHS = "\"MemoAppAppleWatch WatchKit Extension/Preview Content\"";
				DEVELOPMENT_TEAM = 4YP5DUU8MU;
				ENABLE_PREVIEWS = YES;
				INFOPLIST_FILE = "MemoAppAppleWatch WatchKit Extension/Info.plist";
				LD_RUNPATH_SEARCH_PATHS = (
					"$(inherited)",
					"@executable_path/Frameworks",
					"@executable_path/../../Frameworks",
				);
				PRODUCT_BUNDLE_IDENTIFIER = com.emm.MemoAppAppleWatch.watchkitapp.watchkitextension;
				PRODUCT_NAME = "${TARGET_NAME}";
				SDKROOT = watchos;
				SKIP_INSTALL = YES;
				SWIFT_VERSION = 5.0;
				TARGETED_DEVICE_FAMILY = 4;
				WATCHOS_DEPLOYMENT_TARGET = 7.2;
			};
			name = Release;
		};
		B544FB9925E6773500E17A9F /* Debug */ = {
			isa = XCBuildConfiguration;
			buildSettings = {
				ALWAYS_EMBED_SWIFT_STANDARD_LIBRARIES = YES;
				ASSETCATALOG_COMPILER_APPICON_NAME = AppIcon;
				ASSETCATALOG_COMPILER_GLOBAL_ACCENT_COLOR_NAME = AccentColor;
				CODE_SIGN_STYLE = Automatic;
				DEVELOPMENT_TEAM = 4YP5DUU8MU;
				IBSC_MODULE = MemoAppAppleWatch_WatchKit_Extension;
				INFOPLIST_FILE = "MemoAppAppleWatch WatchKit App/Info.plist";
				PRODUCT_BUNDLE_IDENTIFIER = com.emm.MemoAppAppleWatch.watchkitapp;
				PRODUCT_NAME = "$(TARGET_NAME)";
				SDKROOT = watchos;
				SKIP_INSTALL = YES;
				SWIFT_VERSION = 5.0;
				TARGETED_DEVICE_FAMILY = 4;
				WATCHOS_DEPLOYMENT_TARGET = 7.2;
			};
			name = Debug;
		};
		B544FB9A25E6773500E17A9F /* Release */ = {
			isa = XCBuildConfiguration;
			buildSettings = {
				ALWAYS_EMBED_SWIFT_STANDARD_LIBRARIES = YES;
				ASSETCATALOG_COMPILER_APPICON_NAME = AppIcon;
				ASSETCATALOG_COMPILER_GLOBAL_ACCENT_COLOR_NAME = AccentColor;
				CODE_SIGN_STYLE = Automatic;
				DEVELOPMENT_TEAM = 4YP5DUU8MU;
				IBSC_MODULE = MemoAppAppleWatch_WatchKit_Extension;
				INFOPLIST_FILE = "MemoAppAppleWatch WatchKit App/Info.plist";
				PRODUCT_BUNDLE_IDENTIFIER = com.emm.MemoAppAppleWatch.watchkitapp;
				PRODUCT_NAME = "$(TARGET_NAME)";
				SDKROOT = watchos;
				SKIP_INSTALL = YES;
				SWIFT_VERSION = 5.0;
				TARGETED_DEVICE_FAMILY = 4;
				WATCHOS_DEPLOYMENT_TARGET = 7.2;
			};
			name = Release;
		};
		B544FB9D25E6773500E17A9F /* Debug */ = {
			isa = XCBuildConfiguration;
			buildSettings = {
				CODE_SIGN_STYLE = Automatic;
				CURRENT_PROJECT_VERSION = 1;
				DEVELOPMENT_TEAM = 4YP5DUU8MU;
				MARKETING_VERSION = 1.0;
				PRODUCT_BUNDLE_IDENTIFIER = com.emm.MemoAppAppleWatch;
				PRODUCT_NAME = "$(TARGET_NAME)";
				SWIFT_VERSION = 5.0;
			};
			name = Debug;
		};
		B544FB9E25E6773500E17A9F /* Release */ = {
			isa = XCBuildConfiguration;
			buildSettings = {
				CODE_SIGN_STYLE = Automatic;
				CURRENT_PROJECT_VERSION = 1;
				DEVELOPMENT_TEAM = 4YP5DUU8MU;
				MARKETING_VERSION = 1.0;
				PRODUCT_BUNDLE_IDENTIFIER = com.emm.MemoAppAppleWatch;
				PRODUCT_NAME = "$(TARGET_NAME)";
				SWIFT_VERSION = 5.0;
			};
			name = Release;
		};
/* End XCBuildConfiguration section */

/* Begin XCConfigurationList section */
		B544FB6925E6773300E17A9F /* Build configuration list for PBXProject "MemoAppAppleWatch" */ = {
			isa = XCConfigurationList;
			buildConfigurations = (
				B544FB9225E6773500E17A9F /* Debug */,
				B544FB9325E6773500E17A9F /* Release */,
			);
			defaultConfigurationIsVisible = 0;
			defaultConfigurationName = Release;
		};
		B544FB9425E6773500E17A9F /* Build configuration list for PBXNativeTarget "MemoAppAppleWatch WatchKit Extension" */ = {
			isa = XCConfigurationList;
			buildConfigurations = (
				B544FB9525E6773500E17A9F /* Debug */,
				B544FB9625E6773500E17A9F /* Release */,
			);
			defaultConfigurationIsVisible = 0;
			defaultConfigurationName = Release;
		};
		B544FB9825E6773500E17A9F /* Build configuration list for PBXNativeTarget "MemoAppAppleWatch WatchKit App" */ = {
			isa = XCConfigurationList;
			buildConfigurations = (
				B544FB9925E6773500E17A9F /* Debug */,
				B544FB9A25E6773500E17A9F /* Release */,
			);
			defaultConfigurationIsVisible = 0;
			defaultConfigurationName = Release;
		};
		B544FB9C25E6773500E17A9F /* Build configuration list for PBXNativeTarget "MemoAppAppleWatch" */ = {
			isa = XCConfigurationList;
			buildConfigurations = (
				B544FB9D25E6773500E17A9F /* Debug */,
				B544FB9E25E6773500E17A9F /* Release */,
			);
			defaultConfigurationIsVisible = 0;
			defaultConfigurationName = Release;
		};
/* End XCConfigurationList section */

/* Begin XCVersionGroup section */
		B544FBA225E677DB00E17A9F /* Task.xcdatamodeld */ = {
			isa = XCVersionGroup;
			children = (
				B544FBA325E677DB00E17A9F /* Task.xcdatamodel */,
			);
			currentVersion = B544FBA325E677DB00E17A9F /* Task.xcdatamodel */;
			path = Task.xcdatamodeld;
			sourceTree = "<group>";
			versionGroupType = wrapper.xcdatamodel;
		};
/* End XCVersionGroup section */
	};
	rootObject = B544FB6625E6773300E17A9F /* Project object */;
}
